<?xml version="1.0" encoding="utf-8"?>
<Project ToolsVersion="4.0" xmlns="http://schemas.microsoft.com/developer/msbuild/2003">
  <ItemGroup>
    <Filter Include="Source Files">
      <UniqueIdentifier>{4FC737F1-C7A5-4376-A066-2A32D752A2FF}</UniqueIdentifier>
      <Extensions>cpp;c;cc;cxx;c++;cppm;ixx;def;odl;idl;hpj;bat;asm;asmx</Extensions>
    </Filter>
    <Filter Include="Header Files">
      <UniqueIdentifier>{93995380-89BD-4b04-88EB-625FBE52EBFB}</UniqueIdentifier>
      <Extensions>h;hh;hpp;hxx;h++;hm;inl;inc;ipp;xsd</Extensions>
    </Filter>
    <Filter Include="Resource Files">
      <UniqueIdentifier>{67DA6AB6-F800-4c08-8B7A-83BB121AAD01}</UniqueIdentifier>
      <Extensions>rc;ico;cur;bmp;dlg;rc2;rct;bin;rgs;gif;jpg;jpeg;jpe;resx;tiff;tif;png;wav;mfcribbon-ms</Extensions>
    </Filter>
    <Filter Include="Resource Files\levels">
      <UniqueIdentifier>{407e2cee-93a4-412e-9cfd-e9e84a04f720}</UniqueIdentifier>
    </Filter>
    <Filter Include="Resource Files\textures">
      <UniqueIdentifier>{e94feba2-2f43-4c8e-9f80-3a6f0a188444}</UniqueIdentifier>
    </Filter>
    <Filter Include="Resource Files\sfx">
      <UniqueIdentifier>{c6d23b8f-a167-447f-b320-04ab9a802e12}</UniqueIdentifier>
    </Filter>
    <Filter Include="Header Files\imgui">
      <UniqueIdentifier>{88a7c66e-781a-4dd3-ab3e-da31abdd8a6f}</UniqueIdentifier>
    </Filter>
    <Filter Include="Source Files\imgui">
      <UniqueIdentifier>{ab8ce778-7e79-4258-86eb-4695a5717557}</UniqueIdentifier>
    </Filter>
    <Filter Include="Header Files\tinyxml2">
      <UniqueIdentifier>{485abf6a-fd6f-4254-9c17-120f091c745d}</UniqueIdentifier>
    </Filter>
    <Filter Include="Source Files\tinyxml2">
      <UniqueIdentifier>{3c74d99d-340c-4580-b1be-e6d987942307}</UniqueIdentifier>
    </Filter>
    <Filter Include="Source Files\Assets">
      <UniqueIdentifier>{244cc809-5968-4fda-8645-15d3b3d883fe}</UniqueIdentifier>
    </Filter>
    <Filter Include="Header Files\Assets">
      <UniqueIdentifier>{95f59c45-1b70-4e55-abd6-809edd3323c0}</UniqueIdentifier>
    </Filter>
    <Filter Include="Header Files\Objects">
      <UniqueIdentifier>{473410c0-ed77-4751-9c90-dc97b69dcce5}</UniqueIdentifier>
    </Filter>
    <Filter Include="Header Files\Scenes">
      <UniqueIdentifier>{f5104ef7-bcb2-4897-8edc-b52e9127dbde}</UniqueIdentifier>
    </Filter>
    <Filter Include="Source Files\Objects">
      <UniqueIdentifier>{46d953dd-8d87-4a0a-9f16-6c1403d9f216}</UniqueIdentifier>
    </Filter>
    <Filter Include="Source Files\Scenes">
      <UniqueIdentifier>{eee7f956-01bf-4c47-ad89-a3cf299282cc}</UniqueIdentifier>
    </Filter>
    <Filter Include="Header Files\Config">
      <UniqueIdentifier>{1253cd2e-87a1-48db-9517-1b72d164c7cf}</UniqueIdentifier>
    </Filter>
    <Filter Include="Source Files\Config">
      <UniqueIdentifier>{d1ced40b-6516-441b-9250-8c851d4e21a7}</UniqueIdentifier>
    </Filter>
    <Filter Include="Header Files\Core">
      <UniqueIdentifier>{ecad1027-6e67-4972-94e7-7d61a178dd4c}</UniqueIdentifier>
    </Filter>
    <Filter Include="Source Files\Core">
      <UniqueIdentifier>{4d78dfc7-63ed-4d36-9c5b-8143edccce14}</UniqueIdentifier>
    </Filter>
  </ItemGroup>
  <ItemGroup>
    <ClCompile Include="breakout.cpp">
      <Filter>Source Files</Filter>
    </ClCompile>
    <ClCompile Include="deps\imgui\src\imgui_widgets.cpp">
      <Filter>Source Files\imgui</Filter>
    </ClCompile>
    <ClCompile Include="deps\imgui\src\imgui_tables.cpp">
      <Filter>Source Files\imgui</Filter>
    </ClCompile>
    <ClCompile Include="deps\imgui\src\imgui_impl_sdlrenderer2.cpp">
      <Filter>Source Files\imgui</Filter>
    </ClCompile>
    <ClCompile Include="deps\imgui\src\imgui_impl_sdl2.cpp">
      <Filter>Source Files\imgui</Filter>
    </ClCompile>
    <ClCompile Include="deps\imgui\src\imgui_draw.cpp">
      <Filter>Source Files\imgui</Filter>
    </ClCompile>
    <ClCompile Include="deps\imgui\src\imgui_demo.cpp">
      <Filter>Source Files\imgui</Filter>
    </ClCompile>
    <ClCompile Include="deps\imgui\src\imgui.cpp">
      <Filter>Source Files\imgui</Filter>
    </ClCompile>
    <ClCompile Include="deps\tinyxml2\src\tinyxml2.cpp">
      <Filter>Source Files\tinyxml2</Filter>
    </ClCompile>
    <ClCompile Include="AssetManager.cpp">
      <Filter>Source Files\Assets</Filter>
    </ClCompile>
    <ClCompile Include="FontAsset.cpp">
      <Filter>Source Files\Assets</Filter>
    </ClCompile>
    <ClCompile Include="IAsset.cpp">
      <Filter>Source Files\Assets</Filter>
    </ClCompile>
    <ClCompile Include="ImageAsset.cpp">
      <Filter>Source Files\Assets</Filter>
    </ClCompile>
    <ClCompile Include="SFXAsset.cpp">
      <Filter>Source Files\Assets</Filter>
    </ClCompile>
    <ClCompile Include="Background.cpp">
      <Filter>Source Files\Objects</Filter>
    </ClCompile>
    <ClCompile Include="Ball.cpp">
      <Filter>Source Files\Objects</Filter>
    </ClCompile>
    <ClCompile Include="Brick.cpp">
      <Filter>Source Files\Objects</Filter>
    </ClCompile>
    <ClCompile Include="HeadsUpDisplay.cpp">
      <Filter>Source Files\Objects</Filter>
    </ClCompile>
    <ClCompile Include="MovableObject2D.cpp">
      <Filter>Source Files\Objects</Filter>
    </ClCompile>
    <ClCompile Include="ImpenetrableBrick.cpp">
      <Filter>Source Files\Objects</Filter>
    </ClCompile>
    <ClCompile Include="IRenderable.cpp">
      <Filter>Source Files\Objects</Filter>
    </ClCompile>
    <ClCompile Include="NormalBrick.cpp">
      <Filter>Source Files\Objects</Filter>
    </ClCompile>
    <ClCompile Include="Paddle.cpp">
      <Filter>Source Files\Objects</Filter>
    </ClCompile>
    <ClCompile Include="Scene.cpp">
      <Filter>Source Files\Scenes</Filter>
    </ClCompile>
    <ClCompile Include="LevelScene.cpp">
      <Filter>Source Files\Scenes</Filter>
    </ClCompile>
    <ClCompile Include="MainMenuScene.cpp">
      <Filter>Source Files\Scenes</Filter>
    </ClCompile>
    <ClCompile Include="SceneManager.cpp">
      <Filter>Source Files\Scenes</Filter>
    </ClCompile>
    <ClCompile Include="UIScene.cpp">
      <Filter>Source Files\Scenes</Filter>
    </ClCompile>
    <ClCompile Include="BrickType.cpp">
      <Filter>Source Files\Config</Filter>
    </ClCompile>
    <ClCompile Include="Game.cpp">
      <Filter>Source Files\Core</Filter>
    </ClCompile>
    <ClCompile Include="Timer.cpp">
      <Filter>Source Files\Core</Filter>
    </ClCompile>
    <ClCompile Include="LevelConfigurationAsset.cpp">
      <Filter>Source Files\Assets</Filter>
    </ClCompile>
    <ClCompile Include="Text.cpp">
      <Filter>Source Files\Objects</Filter>
    </ClCompile>
    <ClCompile Include="TextureAsset.cpp">
      <Filter>Source Files\Assets</Filter>
    </ClCompile>
    <ClCompile Include="IRenderableTexture.cpp">
      <Filter>Source Files\Objects</Filter>
    </ClCompile>
    <ClCompile Include="PositionedObject2D.cpp">
      <Filter>Source Files\Objects</Filter>
    </ClCompile>
    <ClCompile Include="PositionedTexture2D.cpp">
      <Filter>Source Files\Objects</Filter>
    </ClCompile>
    <ClCompile Include="MovableTexture2D.cpp">
      <Filter>Source Files\Objects</Filter>
    </ClCompile>
    <ClCompile Include="ICollisionDetector.cpp">
      <Filter>Source Files</Filter>
    </ClCompile>
    <ClCompile Include="AABBCollisionDetector.cpp">
      <Filter>Source Files</Filter>
    </ClCompile>
  </ItemGroup>
  <ItemGroup>
    <ClInclude Include="deps\imgui\src\imstb_truetype.h">
      <Filter>Header Files\imgui</Filter>
    </ClInclude>
    <ClInclude Include="deps\imgui\src\imstb_textedit.h">
      <Filter>Header Files\imgui</Filter>
    </ClInclude>
    <ClInclude Include="deps\imgui\src\imstb_rectpack.h">
      <Filter>Header Files\imgui</Filter>
    </ClInclude>
    <ClInclude Include="deps\imgui\src\imgui_internal.h">
      <Filter>Header Files\imgui</Filter>
    </ClInclude>
    <ClInclude Include="deps\imgui\src\imgui_impl_sdlrenderer2.h">
      <Filter>Header Files\imgui</Filter>
    </ClInclude>
    <ClInclude Include="deps\imgui\src\imgui_impl_sdl2.h">
      <Filter>Header Files\imgui</Filter>
    </ClInclude>
    <ClInclude Include="deps\imgui\src\imgui.h">
      <Filter>Header Files\imgui</Filter>
    </ClInclude>
    <ClInclude Include="deps\tinyxml2\src\tinyxml2.h">
      <Filter>Header Files\tinyxml2</Filter>
    </ClInclude>
    <ClInclude Include="deps\imgui\src\imconfig.h">
      <Filter>Header Files\imgui</Filter>
    </ClInclude>
    <ClInclude Include="AssetManager.h">
      <Filter>Header Files\Assets</Filter>
    </ClInclude>
    <ClInclude Include="IAsset.h">
      <Filter>Header Files\Assets</Filter>
    </ClInclude>
    <ClInclude Include="ImageAsset.h">
      <Filter>Header Files\Assets</Filter>
    </ClInclude>
    <ClInclude Include="FontAsset.h">
      <Filter>Header Files\Assets</Filter>
    </ClInclude>
    <ClInclude Include="SFXAsset.h">
      <Filter>Header Files\Assets</Filter>
    </ClInclude>
    <ClInclude Include="Background.h">
      <Filter>Header Files\Objects</Filter>
    </ClInclude>
    <ClInclude Include="Ball.h">
      <Filter>Header Files\Objects</Filter>
    </ClInclude>
    <ClInclude Include="Brick.h">
      <Filter>Header Files\Objects</Filter>
    </ClInclude>
    <ClInclude Include="HeadsUpDisplay.h">
      <Filter>Header Files\Objects</Filter>
    </ClInclude>
    <ClInclude Include="MovableObject2D.h">
      <Filter>Header Files\Objects</Filter>
    </ClInclude>
    <ClInclude Include="IRenderable.h">
      <Filter>Header Files\Objects</Filter>
    </ClInclude>
    <ClInclude Include="NormalBrick.h">
      <Filter>Header Files\Objects</Filter>
    </ClInclude>
    <ClInclude Include="Paddle.h">
      <Filter>Header Files\Objects</Filter>
    </ClInclude>
    <ClInclude Include="ImpenetrableBrick.h">
      <Filter>Header Files\Objects</Filter>
    </ClInclude>
    <ClInclude Include="Scene.h">
      <Filter>Header Files\Scenes</Filter>
    </ClInclude>
    <ClInclude Include="LevelScene.h">
      <Filter>Header Files\Scenes</Filter>
    </ClInclude>
    <ClInclude Include="SceneManager.h">
      <Filter>Header Files\Scenes</Filter>
    </ClInclude>
    <ClInclude Include="UIScene.h">
      <Filter>Header Files\Scenes</Filter>
    </ClInclude>
    <ClInclude Include="MainMenuScene.h">
      <Filter>Header Files\Scenes</Filter>
    </ClInclude>
    <ClInclude Include="BrickType.h">
      <Filter>Header Files\Config</Filter>
    </ClInclude>
    <ClInclude Include="Game.h">
      <Filter>Header Files\Core</Filter>
    </ClInclude>
    <ClInclude Include="Timer.h">
      <Filter>Header Files\Core</Filter>
    </ClInclude>
    <ClInclude Include="LevelConfigurationAsset.h">
      <Filter>Header Files\Assets</Filter>
    </ClInclude>
    <ClInclude Include="Text.h">
      <Filter>Header Files\Objects</Filter>
    </ClInclude>
    <ClInclude Include="TextureAsset.h">
      <Filter>Header Files\Assets</Filter>
    </ClInclude>
    <ClInclude Include="IRenderableTexture.h">
      <Filter>Header Files\Objects</Filter>
    </ClInclude>
    <ClInclude Include="PositionedObject2D.h">
      <Filter>Header Files\Objects</Filter>
    </ClInclude>
    <ClInclude Include="MovableTexture2D.h">
      <Filter>Header Files\Objects</Filter>
    </ClInclude>
    <ClInclude Include="PositionedTexture2D.h">
      <Filter>Header Files\Objects</Filter>
    </ClInclude>
    <ClInclude Include="ICollisionDetector.h">
      <Filter>Header Files</Filter>
    </ClInclude>
    <ClInclude Include="AABBCollisionDetector.h">
      <Filter>Header Files</Filter>
    </ClInclude>
  </ItemGroup>
  <ItemGroup>
    <Xml Include="assets\levels\level-0.xml">
      <Filter>Resource Files\levels</Filter>
    </Xml>
    <Xml Include="assets\levels\level-1.xml">
      <Filter>Resource Files\levels</Filter>
    </Xml>
  </ItemGroup>
</Project>